
Microsoft Visual Studio Solution File, Format Version 12.00
# Visual Studio Version 16
VisualStudioVersion = 16.0.31112.23
MinimumVisualStudioVersion = 10.0.40219.1
Project("{9A19103F-16F7-4668-BE54-9A1E7A4F7556}") = "Perimeter", "..\Perimeter\Perimeter.csproj", "{28109A7B-5136-48B2-89EA-DA66ABC75A30}"
EndProject
Project("{9A19103F-16F7-4668-BE54-9A1E7A4F7556}") = "Vectors", "..\Vector\Vectors.csproj", "{4FFA51A0-AF0D-4FB6-B835-9C9E20AAAABB}"
EndProject
Project("{9A19103F-16F7-4668-BE54-9A1E7A4F7556}") = "Shapes", "..\Shapes\Shapes.csproj", "{D1AB4A5A-D183-45D1-B934-2E7BDC7ECB39}"
EndProject
Project("{9A19103F-16F7-4668-BE54-9A1E7A4F7556}") = "UnitTest", "..\UnitTest\UnitTest.csproj", "{57F99261-C427-4EC0-AE20-89BB6D0232A6}"
EndProject
Project("{FAE04EC0-301F-11D3-BF4B-00C04F79EFBC}") = "PerimeterUnitTest", "PerimeterUnitTest\PerimeterUnitTest.csproj", "{A52FF935-9C09-417F-901A-E961B9C7B0BB}"
EndProject
Global
	GlobalSection(SolutionConfigurationPlatforms) = preSolution
		Debug|Any CPU = Debug|Any CPU
		Release|Any CPU = Release|Any CPU
	EndGlobalSection
	GlobalSection(ProjectConfigurationPlatforms) = postSolution
		{28109A7B-5136-48B2-89EA-DA66ABC75A30}.Debug|Any CPU.ActiveCfg = Debug|Any CPU
		{28109A7B-5136-48B2-89EA-DA66ABC75A30}.Debug|Any CPU.Build.0 = Debug|Any CPU
		{28109A7B-5136-48B2-89EA-DA66ABC75A30}.Release|Any CPU.ActiveCfg = Release|Any CPU
		{28109A7B-5136-48B2-89EA-DA66ABC75A30}.Release|Any CPU.Build.0 = Release|Any CPU
		{4FFA51A0-AF0D-4FB6-B835-9C9E20AAAABB}.Debug|Any CPU.ActiveCfg = Debug|Any CPU
		{4FFA51A0-AF0D-4FB6-B835-9C9E20AAAABB}.Debug|Any CPU.Build.0 = Debug|Any CPU
		{4FFA51A0-AF0D-4FB6-B835-9C9E20AAAABB}.Release|Any CPU.ActiveCfg = Release|Any CPU
		{4FFA51A0-AF0D-4FB6-B835-9C9E20AAAABB}.Release|Any CPU.Build.0 = Release|Any CPU
		{D1AB4A5A-D183-45D1-B934-2E7BDC7ECB39}.Debug|Any CPU.ActiveCfg = Debug|Any CPU
		{D1AB4A5A-D183-45D1-B934-2E7BDC7ECB39}.Debug|Any CPU.Build.0 = Debug|Any CPU
		{D1AB4A5A-D183-45D1-B934-2E7BDC7ECB39}.Release|Any CPU.ActiveCfg = Release|Any CPU
		{D1AB4A5A-D183-45D1-B934-2E7BDC7ECB39}.Release|Any CPU.Build.0 = Release|Any CPU
		{57F99261-C427-4EC0-AE20-89BB6D0232A6}.Debug|Any CPU.ActiveCfg = Debug|Any CPU
		{57F99261-C427-4EC0-AE20-89BB6D0232A6}.Debug|Any CPU.Build.0 = Debug|Any CPU
		{57F99261-C427-4EC0-AE20-89BB6D0232A6}.Release|Any CPU.ActiveCfg = Release|Any CPU
		{57F99261-C427-4EC0-AE20-89BB6D0232A6}.Release|Any CPU.Build.0 = Release|Any CPU
		{A52FF935-9C09-417F-901A-E961B9C7B0BB}.Debug|Any CPU.ActiveCfg = Debug|Any CPU
		{A52FF935-9C09-417F-901A-E961B9C7B0BB}.Debug|Any CPU.Build.0 = Debug|Any CPU
		{A52FF935-9C09-417F-901A-E961B9C7B0BB}.Release|Any CPU.ActiveCfg = Release|Any CPU
		{A52FF935-9C09-417F-901A-E961B9C7B0BB}.Release|Any CPU.Build.0 = Release|Any CPU
	EndGlobalSection
	GlobalSection(SolutionProperties) = preSolution
		HideSolutionNode = FALSE
	EndGlobalSection
	GlobalSection(ExtensibilityGlobals) = postSolution
		SolutionGuid = {A7B2B5DF-8ABA-48F9-8E4B-B1658A8314C3}
	EndGlobalSection
EndGlobal
